
Microsoft Visual Studio Solution File, Format Version 12.00
# Visual Studio Version 17
VisualStudioVersion = 17.10.35122.118
MinimumVisualStudioVersion = 10.0.40219.1
Project("{888888A0-9F3D-457C-B088-3A5042F75D52}") = "Blog", "Blog.pyproj", "{D453A663-BC5C-42BD-9149-C3AA8BF340C3}"
EndProject
Global
	GlobalSection(SolutionConfigurationPlatforms) = preSolution
		Debug|Any CPU = Debug|Any CPU
		Release|Any CPU = Release|Any CPU
	EndGlobalSection
	GlobalSection(ProjectConfigurationPlatforms) = postSolution
		{D453A663-BC5C-42BD-9149-C3AA8BF340C3}.Debug|Any CPU.ActiveCfg = Debug|Any CPU
		{D453A663-BC5C-42BD-9149-C3AA8BF340C3}.Debug|Any CPU.Build.0 = Debug|Any CPU
		{D453A663-BC5C-42BD-9149-C3AA8BF340C3}.Release|Any CPU.ActiveCfg = Release|Any CPU
		{D453A663-BC5C-42BD-9149-C3AA8BF340C3}.Release|Any CPU.Build.0 = Release|Any CPU
	EndGlobalSection
	GlobalSection(SolutionProperties) = preSolution
		HideSolutionNode = FALSE
	EndGlobalSection
	GlobalSection(ExtensibilityGlobals) = postSolution
		SolutionGuid = {87300EC5-AF43-4852-8771-FD95FBA05AED}
	EndGlobalSection
EndGlobal
